// !$*UTF8*$!
{
	archiveVersion = 1;
	classes = {
	};
	objectVersion = 46;
	objects = {

/* Begin PBXBuildFile section */
		A6485BAB1EFB707700FC896E /* AppDelegate.swift in Sources */ = {isa = PBXBuildFile; fileRef = A6485BAA1EFB707700FC896E /* AppDelegate.swift */; };
		A6485BAD1EFB707700FC896E /* ViewController.swift in Sources */ = {isa = PBXBuildFile; fileRef = A6485BAC1EFB707700FC896E /* ViewController.swift */; };
		A6485BB01EFB707700FC896E /* Main.storyboard in Resources */ = {isa = PBXBuildFile; fileRef = A6485BAE1EFB707700FC896E /* Main.storyboard */; };
		A6485BB21EFB707700FC896E /* Assets.xcassets in Resources */ = {isa = PBXBuildFile; fileRef = A6485BB11EFB707700FC896E /* Assets.xcassets */; };
		A6485BB51EFB707700FC896E /* LaunchScreen.storyboard in Resources */ = {isa = PBXBuildFile; fileRef = A6485BB31EFB707700FC896E /* LaunchScreen.storyboard */; };
		A6485BC51EFB70BF00FC896E /* duration.png in Resources */ = {isa = PBXBuildFile; fileRef = A6485BBD1EFB70BF00FC896E /* duration.png */; };
		A6485BC61EFB70BF00FC896E /* maxVolume.png in Resources */ = {isa = PBXBuildFile; fileRef = A6485BBE1EFB70BF00FC896E /* maxVolume.png */; };
		A6485BC71EFB70BF00FC896E /* miniVolume.png in Resources */ = {isa = PBXBuildFile; fileRef = A6485BBF1EFB70BF00FC896E /* miniVolume.png */; };
		A6485BC81EFB70BF00FC896E /* music.mp3 in Resources */ = {isa = PBXBuildFile; fileRef = A6485BC01EFB70BF00FC896E /* music.mp3 */; };
		A6485BC91EFB70BF00FC896E /* pause.png in Resources */ = {isa = PBXBuildFile; fileRef = A6485BC11EFB70BF00FC896E /* pause.png */; };
		A6485BCA1EFB70BF00FC896E /* play.png in Resources */ = {isa = PBXBuildFile; fileRef = A6485BC21EFB70BF00FC896E /* play.png */; };
		A6485BCB1EFB70BF00FC896E /* thumb.png in Resources */ = {isa = PBXBuildFile; fileRef = A6485BC31EFB70BF00FC896E /* thumb.png */; };
		A6485BCC1EFB70BF00FC896E /* thumbHightLight.png in Resources */ = {isa = PBXBuildFile; fileRef = A6485BC41EFB70BF00FC896E /* thumbHightLight.png */; };
/* End PBXBuildFile section */

/* Begin PBXFileReference section */
		A6485BA71EFB707700FC896E /* QuickPlayer.v2.app */ = {isa = PBXFileReference; explicitFileType = wrapper.application; includeInIndex = 0; path = QuickPlayer.v2.app; sourceTree = BUILT_PRODUCTS_DIR; };
		A6485BAA1EFB707700FC896E /* AppDelegate.swift */ = {isa = PBXFileReference; lastKnownFileType = sourcecode.swift; path = AppDelegate.swift; sourceTree = "<group>"; };
		A6485BAC1EFB707700FC896E /* ViewController.swift */ = {isa = PBXFileReference; lastKnownFileType = sourcecode.swift; path = ViewController.swift; sourceTree = "<group>"; };
		A6485BAF1EFB707700FC896E /* Base */ = {isa = PBXFileReference; lastKnownFileType = file.storyboard; name = Base; path = Base.lproj/Main.storyboard; sourceTree = "<group>"; };
		A6485BB11EFB707700FC896E /* Assets.xcassets */ = {isa = PBXFileReference; lastKnownFileType = folder.assetcatalog; path = Assets.xcassets; sourceTree = "<group>"; };
		A6485BB41EFB707700FC896E /* Base */ = {isa = PBXFileReference; lastKnownFileType = file.storyboard; name = Base; path = Base.lproj/LaunchScreen.storyboard; sourceTree = "<group>"; };
		A6485BB61EFB707700FC896E /* Info.plist */ = {isa = PBXFileReference; lastKnownFileType = text.plist.xml; path = Info.plist; sourceTree = "<group>"; };
		A6485BBD1EFB70BF00FC896E /* duration.png */ = {isa = PBXFileReference; lastKnownFileType = image.png; path = duration.png; sourceTree = "<group>"; };
		A6485BBE1EFB70BF00FC896E /* maxVolume.png */ = {isa = PBXFileReference; lastKnownFileType = image.png; path = maxVolume.png; sourceTree = "<group>"; };
		A6485BBF1EFB70BF00FC896E /* miniVolume.png */ = {isa = PBXFileReference; lastKnownFileType = image.png; path = miniVolume.png; sourceTree = "<group>"; };
		A6485BC01EFB70BF00FC896E /* music.mp3 */ = {isa = PBXFileReference; lastKnownFileType = audio.mp3; path = music.mp3; sourceTree = "<group>"; };
		A6485BC11EFB70BF00FC896E /* pause.png */ = {isa = PBXFileReference; lastKnownFileType = image.png; path = pause.png; sourceTree = "<group>"; };
		A6485BC21EFB70BF00FC896E /* play.png */ = {isa = PBXFileReference; lastKnownFileType = image.png; path = play.png; sourceTree = "<group>"; };
		A6485BC31EFB70BF00FC896E /* thumb.png */ = {isa = PBXFileReference; lastKnownFileType = image.png; path = thumb.png; sourceTree = "<group>"; };
		A6485BC41EFB70BF00FC896E /* thumbHightLight.png */ = {isa = PBXFileReference; lastKnownFileType = image.png; path = thumbHightLight.png; sourceTree = "<group>"; };
/* End PBXFileReference section */

/* Begin PBXFrameworksBuildPhase section */
		A6485BA41EFB707700FC896E /* Frameworks */ = {
			isa = PBXFrameworksBuildPhase;
			buildActionMask = 2147483647;
			files = (
			);
			runOnlyForDeploymentPostprocessing = 0;
		};
/* End PBXFrameworksBuildPhase section */

/* Begin PBXGroup section */
		A6485B9E1EFB707700FC896E = {
			isa = PBXGroup;
			children = (
				A6485BA91EFB707700FC896E /* QuickPlayer.v2 */,
				A6485BA81EFB707700FC896E /* Products */,
			);
			sourceTree = "<group>";
		};
		A6485BA81EFB707700FC896E /* Products */ = {
			isa = PBXGroup;
			children = (
				A6485BA71EFB707700FC896E /* QuickPlayer.v2.app */,
			);
			name = Products;
			sourceTree = "<group>";
		};
		A6485BA91EFB707700FC896E /* QuickPlayer.v2 */ = {
			isa = PBXGroup;
			children = (
				A6485BBC1EFB70B000FC896E /* Resource */,
				A6485BAA1EFB707700FC896E /* AppDelegate.swift */,
				A6485BAC1EFB707700FC896E /* ViewController.swift */,
				A6485BAE1EFB707700FC896E /* Main.storyboard */,
				A6485BB11EFB707700FC896E /* Assets.xcassets */,
				A6485BB31EFB707700FC896E /* LaunchScreen.storyboard */,
				A6485BB61EFB707700FC896E /* Info.plist */,
			);
			path = QuickPlayer.v2;
			sourceTree = "<group>";
		};
		A6485BBC1EFB70B000FC896E /* Resource */ = {
			isa = PBXGroup;
			children = (
				A6485BBD1EFB70BF00FC896E /* duration.png */,
				A6485BBE1EFB70BF00FC896E /* maxVolume.png */,
				A6485BBF1EFB70BF00FC896E /* miniVolume.png */,
				A6485BC01EFB70BF00FC896E /* music.mp3 */,
				A6485BC11EFB70BF00FC896E /* pause.png */,
				A6485BC21EFB70BF00FC896E /* play.png */,
				A6485BC31EFB70BF00FC896E /* thumb.png */,
				A6485BC41EFB70BF00FC896E /* thumbHightLight.png */,
			);
			name = Resource;
			sourceTree = "<group>";
		};
/* End PBXGroup section */

/* Begin PBXNativeTarget section */
		A6485BA61EFB707700FC896E /* QuickPlayer.v2 */ = {
			isa = PBXNativeTarget;
			buildConfigurationList = A6485BB91EFB707700FC896E /* Build configuration list for PBXNativeTarget "QuickPlayer.v2" */;
			buildPhases = (
				A6485BA31EFB707700FC896E /* Sources */,
				A6485BA41EFB707700FC896E /* Frameworks */,
				A6485BA51EFB707700FC896E /* Resources */,
			);
			buildRules = (
			);
			dependencies = (
			);
			name = QuickPlayer.v2;
			productName = QuickPlayer.v2;
			productReference = A6485BA71EFB707700FC896E /* QuickPlayer.v2.app */;
			productType = "com.apple.product-type.application";
		};
/* End PBXNativeTarget section */

/* Begin PBXProject section */
		A6485B9F1EFB707700FC896E /* Project object */ = {
			isa = PBXProject;
			attributes = {
				LastSwiftUpdateCheck = 0820;
				LastUpgradeCheck = 0820;
				ORGANIZATIONNAME = Tung;
				TargetAttributes = {
					A6485BA61EFB707700FC896E = {
						CreatedOnToolsVersion = 8.2.1;
						ProvisioningStyle = Automatic;
					};
				};
			};
			buildConfigurationList = A6485BA21EFB707700FC896E /* Build configuration list for PBXProject "QuickPlayer.v2" */;
			compatibilityVersion = "Xcode 3.2";
			developmentRegion = English;
			hasScannedForEncodings = 0;
			knownRegions = (
				en,
				Base,
			);
			mainGroup = A6485B9E1EFB707700FC896E;
			productRefGroup = A6485BA81EFB707700FC896E /* Products */;
			projectDirPath = "";
			projectRoot = "";
			targets = (
				A6485BA61EFB707700FC896E /* QuickPlayer.v2 */,
			);
		};
/* End PBXProject section */

/* Begin PBXResourcesBuildPhase section */
		A6485BA51EFB707700FC896E /* Resources */ = {
			isa = PBXResourcesBuildPhase;
			buildActionMask = 2147483647;
			files = (
				A6485BCB1EFB70BF00FC896E /* thumb.png in Resources */,
				A6485BB51EFB707700FC896E /* LaunchScreen.storyboard in Resources */,
				A6485BC51EFB70BF00FC896E /* duration.png in Resources */,
				A6485BCA1EFB70BF00FC896E /* play.png in Resources */,
				A6485BC91EFB70BF00FC896E /* pause.png in Resources */,
				A6485BC71EFB70BF00FC896E /* miniVolume.png in Resources */,
				A6485BCC1EFB70BF00FC896E /* thumbHightLight.png in Resources */,
				A6485BC61EFB70BF00FC896E /* maxVolume.png in Resources */,
				A6485BB21EFB707700FC896E /* Assets.xcassets in Resources */,
				A6485BC81EFB70BF00FC896E /* music.mp3 in Resources */,
				A6485BB01EFB707700FC896E /* Main.storyboard in Resources */,
			);
			runOnlyForDeploymentPostprocessing = 0;
		};
/* End PBXResourcesBuildPhase section */

/* Begin PBXSourcesBuildPhase section */
		A6485BA31EFB707700FC896E /* Sources */ = {
			isa = PBXSourcesBuildPhase;
			buildActionMask = 2147483647;
			files = (
				A6485BAD1EFB707700FC896E /* ViewController.swift in Sources */,
				A6485BAB1EFB707700FC896E /* AppDelegate.swift in Sources */,
			);
			runOnlyForDeploymentPostprocessing = 0;
		};
/* End PBXSourcesBuildPhase section */

/* Begin PBXVariantGroup section */
		A6485BAE1EFB707700FC896E /* Main.storyboard */ = {
			isa = PBXVariantGroup;
			children = (
				A6485BAF1EFB707700FC896E /* Base */,
			);
			name = Main.storyboard;
			sourceTree = "<group>";
		};
		A6485BB31EFB707700FC896E /* LaunchScreen.storyboard */ = {
			isa = PBXVariantGroup;
			children = (
				A6485BB41EFB707700FC896E /* Base */,
			);
			name = LaunchScreen.storyboard;
			sourceTree = "<group>";
		};
/* End PBXVariantGroup section */

/* Begin XCBuildConfiguration section */
		A6485BB71EFB707700FC896E /* Debug */ = {
			isa = XCBuildConfiguration;
			buildSettings = {
				ALWAYS_SEARCH_USER_PATHS = NO;
				CLANG_ANALYZER_NONNULL = YES;
				CLANG_CXX_LANGUAGE_STANDARD = "gnu++0x";
				CLANG_CXX_LIBRARY = "libc++";
				CLANG_ENABLE_MODULES = YES;
				CLANG_ENABLE_OBJC_ARC = YES;
				CLANG_WARN_BOOL_CONVERSION = YES;
				CLANG_WARN_CONSTANT_CONVERSION = YES;
				CLANG_WARN_DIRECT_OBJC_ISA_USAGE = YES_ERROR;
				CLANG_WARN_DOCUMENTATION_COMMENTS = YES;
				CLANG_WARN_EMPTY_BODY = YES;
				CLANG_WARN_ENUM_CONVERSION = YES;
				CLANG_WARN_INFINITE_RECURSION = YES;
				CLANG_WARN_INT_CONVERSION = YES;
				CLANG_WARN_OBJC_ROOT_CLASS = YES_ERROR;
				CLANG_WARN_SUSPICIOUS_MOVE = YES;
				CLANG_WARN_UNREACHABLE_CODE = YES;
				CLANG_WARN__DUPLICATE_METHOD_MATCH = YES;
				"CODE_SIGN_IDENTITY[sdk=iphoneos*]" = "iPhone Developer";
				COPY_PHASE_STRIP = NO;
				DEBUG_INFORMATION_FORMAT = dwarf;
				ENABLE_STRICT_OBJC_MSGSEND = YES;
				ENABLE_TESTABILITY = YES;
				GCC_C_LANGUAGE_STANDARD = gnu99;
				GCC_DYNAMIC_NO_PIC = NO;
				GCC_NO_COMMON_BLOCKS = YES;
				GCC_OPTIMIZATION_LEVEL = 0;
				GCC_PREPROCESSOR_DEFINITIONS = (
					"DEBUG=1",
					"$(inherited)",
				);
				GCC_WARN_64_TO_32_BIT_CONVERSION = YES;
				GCC_WARN_ABOUT_RETURN_TYPE = YES_ERROR;
				GCC_WARN_UNDECLARED_SELECTOR = YES;
				GCC_WARN_UNINITIALIZED_AUTOS = YES_AGGRESSIVE;
				GCC_WARN_UNUSED_FUNCTION = YES;
				GCC_WARN_UNUSED_VARIABLE = YES;
				IPHONEOS_DEPLOYMENT_TARGET = 10.2;
				MTL_ENABLE_DEBUG_INFO = YES;
				ONLY_ACTIVE_ARCH = YES;
				SDKROOT = iphoneos;
				SWIFT_ACTIVE_COMPILATION_CONDITIONS = DEBUG;
				SWIFT_OPTIMIZATION_LEVEL = "-Onone";
				TARGETED_DEVICE_FAMILY = "1,2";
			};
			name = Debug;
		};
		A6485BB81EFB707700FC896E /* Release */ = {
			isa = XCBuildConfiguration;
			buildSettings = {
				ALWAYS_SEARCH_USER_PATHS = NO;
				CLANG_ANALYZER_NONNULL = YES;
				CLANG_CXX_LANGUAGE_STANDARD = "gnu++0x";
				CLANG_CXX_LIBRARY = "libc++";
				CLANG_ENABLE_MODULES = YES;
				CLANG_ENABLE_OBJC_ARC = YES;
				CLANG_WARN_BOOL_CONVERSION = YES;
				CLANG_WARN_CONSTANT_CONVERSION = YES;
				CLANG_WARN_DIRECT_OBJC_ISA_USAGE = YES_ERROR;
				CLANG_WARN_DOCUMENTATION_COMMENTS = YES;
				CLANG_WARN_EMPTY_BODY = YES;
				CLANG_WARN_ENUM_CONVERSION = YES;
				CLANG_WARN_INFINITE_RECURSION = YES;
				CLANG_WARN_INT_CONVERSION = YES;
				CLANG_WARN_OBJC_ROOT_CLASS = YES_ERROR;
				CLANG_WARN_SUSPICIOUS_MOVE = YES;
				CLANG_WARN_UNREACHABLE_CODE = YES;
				CLANG_WARN__DUPLICATE_METHOD_MATCH = YES;
				"CODE_SIGN_IDENTITY[sdk=iphoneos*]" = "iPhone Developer";
				COPY_PHASE_STRIP = NO;
				DEBUG_INFORMATION_FORMAT = "dwarf-with-dsym";
				ENABLE_NS_ASSERTIONS = NO;
				ENABLE_STRICT_OBJC_MSGSEND = YES;
				GCC_C_LANGUAGE_STANDARD = gnu99;
				GCC_NO_COMMON_BLOCKS = YES;
				GCC_WARN_64_TO_32_BIT_CONVERSION = YES;
				GCC_WARN_ABOUT_RETURN_TYPE = YES_ERROR;
				GCC_WARN_UNDECLARED_SELECTOR = YES;
				GCC_WARN_UNINITIALIZED_AUTOS = YES_AGGRESSIVE;
				GCC_WARN_UNUSED_FUNCTION = YES;
				GCC_WARN_UNUSED_VARIABLE = YES;
				IPHONEOS_DEPLOYMENT_TARGET = 10.2;
				MTL_ENABLE_DEBUG_INFO = NO;
				SDKROOT = iphoneos;
				SWIFT_OPTIMIZATION_LEVEL = "-Owholemodule";
				TARGETED_DEVICE_FAMILY = "1,2";
				VALIDATE_PRODUCT = YES;
			};
			name = Release;
		};
		A6485BBA1EFB707700FC896E /* Debug */ = {
			isa = XCBuildConfiguration;
			buildSettings = {
				ASSETCATALOG_COMPILER_APPICON_NAME = AppIcon;
				INFOPLIST_FILE = QuickPlayer.v2/Info.plist;
				LD_RUNPATH_SEARCH_PATHS = "$(inherited) @executable_path/Frameworks";
				PRODUCT_BUNDLE_IDENTIFIER = "Tung.QuickPlayer-v2";
				PRODUCT_NAME = "$(TARGET_NAME)";
				SWIFT_VERSION = 3.0;
			};
			name = Debug;
		};
		A6485BBB1EFB707700FC896E /* Release */ = {
			isa = XCBuildConfiguration;
			buildSettings = {
				ASSETCATALOG_COMPILER_APPICON_NAME = AppIcon;
				INFOPLIST_FILE = QuickPlayer.v2/Info.plist;
				LD_RUNPATH_SEARCH_PATHS = "$(inherited) @executable_path/Frameworks";
				PRODUCT_BUNDLE_IDENTIFIER = "Tung.QuickPlayer-v2";
				PRODUCT_NAME = "$(TARGET_NAME)";
				SWIFT_VERSION = 3.0;
			};
			name = Release;
		};
/* End XCBuildConfiguration section */

/* Begin XCConfigurationList section */
		A6485BA21EFB707700FC896E /* Build configuration list for PBXProject "QuickPlayer.v2" */ = {
			isa = XCConfigurationList;
			buildConfigurations = (
				A6485BB71EFB707700FC896E /* Debug */,
				A6485BB81EFB707700FC896E /* Release */,
			);
			defaultConfigurationIsVisible = 0;
			defaultConfigurationName = Release;
		};
		A6485BB91EFB707700FC896E /* Build configuration list for PBXNativeTarget "QuickPlayer.v2" */ = {
			isa = XCConfigurationList;
			buildConfigurations = (
				A6485BBA1EFB707700FC896E /* Debug */,
				A6485BBB1EFB707700FC896E /* Release */,
			);
			defaultConfigurationIsVisible = 0;
		};
/* End XCConfigurationList section */
	};
	rootObject = A6485B9F1EFB707700FC896E /* Project object */;
}
